<?xml version="1.0" encoding="utf-8"?>
<Project ToolsVersion="4.0" xmlns="http://schemas.microsoft.com/developer/msbuild/2003">
  <ItemGroup>
    <Filter Include="Source Files">
      <UniqueIdentifier>{998a4632-6d5e-4d34-8fc9-18ffd89e1d31}</UniqueIdentifier>
      <Extensions>cpp;c;cxx;rc;def;r;odl;hpj;bat;for;f90</Extensions>
    </Filter>
    <Filter Include="Header Files">
      <UniqueIdentifier>{71c97f5b-5f65-4d75-9d7d-834ca0168f12}</UniqueIdentifier>
      <Extensions>h;hpp;hxx;hm;inl;fi;fd</Extensions>
    </Filter>
    <Filter Include="Resource Files">
      <UniqueIdentifier>{66321037-65e3-4969-bbb4-ddc5ee3b3060}</UniqueIdentifier>
      <Extensions>ico;cur;bmp;dlg;rc2;rct;bin;cnt;rtf;gif;jpg;jpeg;jpe</Extensions>
    </Filter>
  </ItemGroup>
  <ItemGroup>
    <ClCompile Include="bg_animation.c">
      <Filter>Source Files</Filter>
    </ClCompile>
    <ClCompile Include="bg_animgroup.c">
      <Filter>Source Files</Filter>
    </ClCompile>
    <ClCompile Include="bg_campaign.c">
      <Filter>Source Files</Filter>
    </ClCompile>
    <ClCompile Include="bg_character.c">
      <Filter>Source Files</Filter>
    </ClCompile>
    <ClCompile Include="bg_classes.c">
      <Filter>Source Files</Filter>
    </ClCompile>
    <ClCompile Include="bg_misc.c">
      <Filter>Source Files</Filter>
    </ClCompile>
    <ClCompile Include="bg_pmove.c">
      <Filter>Source Files</Filter>
    </ClCompile>
    <ClCompile Include="bg_slidemove.c">
      <Filter>Source Files</Filter>
    </ClCompile>
    <ClCompile Include="bg_sscript.c">
      <Filter>Source Files</Filter>
    </ClCompile>
    <ClCompile Include="bg_stats.c">
      <Filter>Source Files</Filter>
    </ClCompile>
    <ClCompile Include="bg_tracemap.c">
      <Filter>Source Files</Filter>
    </ClCompile>
    <ClCompile Include="g_active.c">
      <Filter>Source Files</Filter>
    </ClCompile>
    <ClCompile Include="g_alarm.c">
      <Filter>Source Files</Filter>
    </ClCompile>
    <ClCompile Include="g_antilag.c">
      <Filter>Source Files</Filter>
    </ClCompile>
    <ClCompile Include="g_buddy_list.c">
      <Filter>Source Files</Filter>
    </ClCompile>
    <ClCompile Include="g_character.c">
      <Filter>Source Files</Filter>
    </ClCompile>
    <ClCompile Include="g_client.c">
      <Filter>Source Files</Filter>
    </ClCompile>
    <ClCompile Include="g_cmds.c">
      <Filter>Source Files</Filter>
    </ClCompile>
    <ClCompile Include="g_cmds_ext.c">
      <Filter>Source Files</Filter>
    </ClCompile>
    <ClCompile Include="g_combat.c">
      <Filter>Source Files</Filter>
    </ClCompile>
    <ClCompile Include="g_config.c">
      <Filter>Source Files</Filter>
    </ClCompile>
    <ClCompile Include="g_fireteams.c">
      <Filter>Source Files</Filter>
    </ClCompile>
    <ClCompile Include="g_items.c">
      <Filter>Source Files</Filter>
    </ClCompile>
    <ClCompile Include="g_main.c">
      <Filter>Source Files</Filter>
    </ClCompile>
    <ClCompile Include="g_match.c">
      <Filter>Source Files</Filter>
    </ClCompile>
    <ClCompile Include="g_mem.c">
      <Filter>Source Files</Filter>
    </ClCompile>
    <ClCompile Include="g_misc.c">
      <Filter>Source Files</Filter>
    </ClCompile>
    <ClCompile Include="g_missile.c">
      <Filter>Source Files</Filter>
    </ClCompile>
    <ClCompile Include="g_mover.c">
      <Filter>Source Files</Filter>
    </ClCompile>
    <ClCompile Include="g_multiview.c">
      <Filter>Source Files</Filter>
    </ClCompile>
    <ClCompile Include="g_props.c">
      <Filter>Source Files</Filter>
    </ClCompile>
    <ClCompile Include="g_referee.c">
      <Filter>Source Files</Filter>
    </ClCompile>
    <ClCompile Include="g_script.c">
      <Filter>Source Files</Filter>
    </ClCompile>
    <ClCompile Include="g_script_actions.c">
      <Filter>Source Files</Filter>
    </ClCompile>
    <ClCompile Include="g_session.c">
      <Filter>Source Files</Filter>
    </ClCompile>
    <ClCompile Include="g_spawn.c">
      <Filter>Source Files</Filter>
    </ClCompile>
    <ClCompile Include="g_stats.c">
      <Filter>Source Files</Filter>
    </ClCompile>
    <ClCompile Include="g_svcmds.c">
      <Filter>Source Files</Filter>
    </ClCompile>
    <ClCompile Include="g_syscalls.c">
      <Filter>Source Files</Filter>
    </ClCompile>
    <ClCompile Include="g_systemmsg.c">
      <Filter>Source Files</Filter>
    </ClCompile>
    <ClCompile Include="g_target.c">
      <Filter>Source Files</Filter>
    </ClCompile>
    <ClCompile Include="g_team.c">
      <Filter>Source Files</Filter>
    </ClCompile>
    <ClCompile Include="g_teammapdata.c">
      <Filter>Source Files</Filter>
    </ClCompile>
    <ClCompile Include="g_trigger.c">
      <Filter>Source Files</Filter>
    </ClCompile>
    <ClCompile Include="g_utils.c">
      <Filter>Source Files</Filter>
    </ClCompile>
    <ClCompile Include="g_vote.c">
      <Filter>Source Files</Filter>
    </ClCompile>
    <ClCompile Include="g_weapon.c">
      <Filter>Source Files</Filter>
    </ClCompile>
    <ClCompile Include="..\qcommon\q_math.c">
      <Filter>Source Files</Filter>
    </ClCompile>
    <ClCompile Include="..\qcommon\q_shared.c">
      <Filter>Source Files</Filter>
    </ClCompile>
  </ItemGroup>
  <ItemGroup>
    <None Include="game.def">
      <Filter>Source Files</Filter>
    </None>
  </ItemGroup>
  <ItemGroup>
    <ClInclude Include="bg_classes.h">
      <Filter>Header Files</Filter>
    </ClInclude>
    <ClInclude Include="bg_local.h">
      <Filter>Header Files</Filter>
    </ClInclude>
    <ClInclude Include="bg_public.h">
      <Filter>Header Files</Filter>
    </ClInclude>
    <ClInclude Include="botlib.h">
      <Filter>Header Files</Filter>
    </ClInclude>
    <ClInclude Include="g_local.h">
      <Filter>Header Files</Filter>
    </ClInclude>
    <ClInclude Include="g_public.h">
      <Filter>Header Files</Filter>
    </ClInclude>
    <ClInclude Include="g_team.h">
      <Filter>Header Files</Filter>
    </ClInclude>
    <ClInclude Include="..\qcommon\q_shared.h">
      <Filter>Header Files</Filter>
    </ClInclude>
    <ClInclude Include="surfaceflags.h">
      <Filter>Header Files</Filter>
    </ClInclude>
  </ItemGroup>
</Project>