<?xml version="1.0" encoding="utf-8"?>
<Project ToolsVersion="4.0" xmlns="http://schemas.microsoft.com/developer/msbuild/2003">
  <ItemGroup>
    <Filter Include="Source Files">
      <UniqueIdentifier>{998a4632-6d5e-4d34-8fc9-18ffd89e1d31}</UniqueIdentifier>
      <Extensions>cpp;c;cxx;rc;def;r;odl;hpj;bat;for;f90</Extensions>
    </Filter>
    <Filter Include="Header Files">
      <UniqueIdentifier>{71c97f5b-5f65-4d75-9d7d-834ca0168f12}</UniqueIdentifier>
      <Extensions>h;hpp;hxx;hm;inl;fi;fd</Extensions>
    </Filter>
    <Filter Include="Resource Files">
      <UniqueIdentifier>{66321037-65e3-4969-bbb4-ddc5ee3b3060}</UniqueIdentifier>
      <Extensions>ico;cur;bmp;dlg;rc2;rct;bin;cnt;rtf;gif;jpg;jpeg;jpe</Extensions>
    </Filter>
  </ItemGroup>
  <ItemGroup>
    <ClCompile Include="..\..\game\bg_animation.c">
      <Filter>Source Files</Filter>
    </ClCompile>
    <ClCompile Include="..\..\game\bg_animgroup.c">
      <Filter>Source Files</Filter>
    </ClCompile>
    <ClCompile Include="..\..\game\bg_campaign.c">
      <Filter>Source Files</Filter>
    </ClCompile>
    <ClCompile Include="..\..\game\bg_character.c">
      <Filter>Source Files</Filter>
    </ClCompile>
    <ClCompile Include="..\..\game\bg_classes.c">
      <Filter>Source Files</Filter>
    </ClCompile>
    <ClCompile Include="..\..\game\bg_misc.c">
      <Filter>Source Files</Filter>
    </ClCompile>
    <ClCompile Include="..\..\game\bg_pmove.c">
      <Filter>Source Files</Filter>
    </ClCompile>
    <ClCompile Include="..\..\game\bg_slidemove.c">
      <Filter>Source Files</Filter>
    </ClCompile>
    <ClCompile Include="..\..\game\bg_sscript.c">
      <Filter>Source Files</Filter>
    </ClCompile>
    <ClCompile Include="..\..\game\bg_stats.c">
      <Filter>Source Files</Filter>
    </ClCompile>
    <ClCompile Include="..\..\game\bg_tracemap.c">
      <Filter>Source Files</Filter>
    </ClCompile>
    <ClCompile Include="..\..\game\g_active.c">
      <Filter>Source Files</Filter>
    </ClCompile>
    <ClCompile Include="..\..\game\g_alarm.c">
      <Filter>Source Files</Filter>
    </ClCompile>
    <ClCompile Include="..\..\game\g_antilag.c">
      <Filter>Source Files</Filter>
    </ClCompile>
    <ClCompile Include="..\..\game\g_buddy_list.c">
      <Filter>Source Files</Filter>
    </ClCompile>
    <ClCompile Include="..\..\game\g_character.c">
      <Filter>Source Files</Filter>
    </ClCompile>
    <ClCompile Include="..\..\game\g_client.c">
      <Filter>Source Files</Filter>
    </ClCompile>
    <ClCompile Include="..\..\game\g_cmds.c">
      <Filter>Source Files</Filter>
    </ClCompile>
    <ClCompile Include="..\..\game\g_cmds_ext.c">
      <Filter>Source Files</Filter>
    </ClCompile>
    <ClCompile Include="..\..\game\g_combat.c">
      <Filter>Source Files</Filter>
    </ClCompile>
    <ClCompile Include="..\..\game\g_config.c">
      <Filter>Source Files</Filter>
    </ClCompile>
    <ClCompile Include="..\..\game\g_fireteams.c">
      <Filter>Source Files</Filter>
    </ClCompile>
    <ClCompile Include="..\..\game\g_items.c">
      <Filter>Source Files</Filter>
    </ClCompile>
    <ClCompile Include="..\..\game\g_main.c">
      <Filter>Source Files</Filter>
    </ClCompile>
    <ClCompile Include="..\..\game\g_match.c">
      <Filter>Source Files</Filter>
    </ClCompile>
    <ClCompile Include="..\..\game\g_mem.c">
      <Filter>Source Files</Filter>
    </ClCompile>
    <ClCompile Include="..\..\game\g_misc.c">
      <Filter>Source Files</Filter>
    </ClCompile>
    <ClCompile Include="..\..\game\g_missile.c">
      <Filter>Source Files</Filter>
    </ClCompile>
    <ClCompile Include="..\..\game\g_mover.c">
      <Filter>Source Files</Filter>
    </ClCompile>
    <ClCompile Include="..\..\game\g_multiview.c">
      <Filter>Source Files</Filter>
    </ClCompile>
    <ClCompile Include="..\..\game\g_props.c">
      <Filter>Source Files</Filter>
    </ClCompile>
    <ClCompile Include="..\..\game\g_referee.c">
      <Filter>Source Files</Filter>
    </ClCompile>
    <ClCompile Include="..\..\game\g_script.c">
      <Filter>Source Files</Filter>
    </ClCompile>
    <ClCompile Include="..\..\game\g_script_actions.c">
      <Filter>Source Files</Filter>
    </ClCompile>
    <ClCompile Include="..\..\game\g_session.c">
      <Filter>Source Files</Filter>
    </ClCompile>
    <ClCompile Include="..\..\game\g_spawn.c">
      <Filter>Source Files</Filter>
    </ClCompile>
    <ClCompile Include="..\..\game\g_stats.c">
      <Filter>Source Files</Filter>
    </ClCompile>
    <ClCompile Include="..\..\game\g_svcmds.c">
      <Filter>Source Files</Filter>
    </ClCompile>
    <ClCompile Include="..\..\game\g_syscalls.c">
      <Filter>Source Files</Filter>
    </ClCompile>
    <ClCompile Include="..\..\game\g_systemmsg.c">
      <Filter>Source Files</Filter>
    </ClCompile>
    <ClCompile Include="..\..\game\g_target.c">
      <Filter>Source Files</Filter>
    </ClCompile>
    <ClCompile Include="..\..\game\g_team.c">
      <Filter>Source Files</Filter>
    </ClCompile>
    <ClCompile Include="..\..\game\g_teammapdata.c">
      <Filter>Source Files</Filter>
    </ClCompile>
    <ClCompile Include="..\..\game\g_trigger.c">
      <Filter>Source Files</Filter>
    </ClCompile>
    <ClCompile Include="..\..\game\g_utils.c">
      <Filter>Source Files</Filter>
    </ClCompile>
    <ClCompile Include="..\..\game\g_vote.c">
      <Filter>Source Files</Filter>
    </ClCompile>
    <ClCompile Include="..\..\game\g_weapon.c">
      <Filter>Source Files</Filter>
    </ClCompile>
    <ClCompile Include="..\..\qcommon\q_math.c">
      <Filter>Source Files</Filter>
    </ClCompile>
    <ClCompile Include="..\..\qcommon\q_shared.c">
      <Filter>Source Files</Filter>
    </ClCompile>
  </ItemGroup>
  <ItemGroup>
    <None Include="..\..\game\game.def">
      <Filter>Source Files</Filter>
    </None>
  </ItemGroup>
  <ItemGroup>
    <ClInclude Include="..\..\game\bg_classes.h">
      <Filter>Header Files</Filter>
    </ClInclude>
    <ClInclude Include="..\..\game\bg_local.h">
      <Filter>Header Files</Filter>
    </ClInclude>
    <ClInclude Include="..\..\game\bg_public.h">
      <Filter>Header Files</Filter>
    </ClInclude>
    <ClInclude Include="..\..\game\botlib.h">
      <Filter>Header Files</Filter>
    </ClInclude>
    <ClInclude Include="..\..\game\g_local.h">
      <Filter>Header Files</Filter>
    </ClInclude>
    <ClInclude Include="..\..\game\g_public.h">
      <Filter>Header Files</Filter>
    </ClInclude>
    <ClInclude Include="..\..\game\g_team.h">
      <Filter>Header Files</Filter>
    </ClInclude>
    <ClInclude Include="..\..\qcommon\q_shared.h">
      <Filter>Header Files</Filter>
    </ClInclude>
    <ClInclude Include="..\..\game\surfaceflags.h">
      <Filter>Header Files</Filter>
    </ClInclude>
  </ItemGroup>
</Project>