Microsoft Visual Studio Solution File, Format Version 12.00
# Visual Studio 15
VisualStudioVersion = 15.0.26730.16
MinimumVisualStudioVersion = 10.0.40219.1
Project("{8BC9CEB8-8B4A-11D0-8D11-00A0C91BC942}") = "Splines", "splines\Splines.vcxproj", "{0C24E6E9-2B9F-43AE-ADB7-B7693966F41E}"
EndProject
Project("{8BC9CEB8-8B4A-11D0-8D11-00A0C91BC942}") = "botlib", "botlib\botlib.vcxproj", "{EFA65954-05A8-43C4-B4FE-FAFE8E678AB7}"
EndProject
Project("{8BC9CEB8-8B4A-11D0-8D11-00A0C91BC942}") = "renderer", "renderer\renderer.vcxproj", "{7906CC4F-E230-4049-A3EF-EA7F64E73DDE}"
	ProjectSection(ProjectDependencies) = postProject
		{17867AF4-12CB-4847-A13E-BF37D8BDF597} = {17867AF4-12CB-4847-A13E-BF37D8BDF597}
	EndProjectSection
EndProject
Project("{8BC9CEB8-8B4A-11D0-8D11-00A0C91BC942}") = "wolf", "wolf.vcxproj", "{B604B554-38D6-4BC8-9F7F-D6BC8719A653}"
	ProjectSection(ProjectDependencies) = postProject
		{17867AF4-12CB-4847-A13E-BF37D8BDF597} = {17867AF4-12CB-4847-A13E-BF37D8BDF597}
	EndProjectSection
EndProject
Project("{8BC9CEB8-8B4A-11D0-8D11-00A0C91BC942}") = "libjpeg", "jpeg-8c\libjpeg.vcxproj", "{17867AF4-12CB-4847-A13E-BF37D8BDF597}"
EndProject
Project("{8BC9CEB8-8B4A-11D0-8D11-00A0C91BC942}") = "wolfded", "wolfded.vcxproj", "{7815162A-BB04-4C87-919D-415B1C1ED2FF}"
EndProject
Global
	GlobalSection(SolutionConfigurationPlatforms) = preSolution
		Debug|Win32 = Debug|Win32
		Debug|x64 = Debug|x64
		Release|Win32 = Release|Win32
		Release|x64 = Release|x64
	EndGlobalSection
	GlobalSection(ProjectConfigurationPlatforms) = postSolution
		{0C24E6E9-2B9F-43AE-ADB7-B7693966F41E}.Debug|Win32.ActiveCfg = Debug|Win32
		{0C24E6E9-2B9F-43AE-ADB7-B7693966F41E}.Debug|Win32.Build.0 = Debug|Win32
		{0C24E6E9-2B9F-43AE-ADB7-B7693966F41E}.Debug|x64.ActiveCfg = Debug|Win32
		{0C24E6E9-2B9F-43AE-ADB7-B7693966F41E}.Release|Win32.ActiveCfg = Release|Win32
		{0C24E6E9-2B9F-43AE-ADB7-B7693966F41E}.Release|Win32.Build.0 = Release|Win32
		{0C24E6E9-2B9F-43AE-ADB7-B7693966F41E}.Release|x64.ActiveCfg = Release|Win32
		{EFA65954-05A8-43C4-B4FE-FAFE8E678AB7}.Debug|Win32.ActiveCfg = Debug|Win32
		{EFA65954-05A8-43C4-B4FE-FAFE8E678AB7}.Debug|Win32.Build.0 = Debug|Win32
		{EFA65954-05A8-43C4-B4FE-FAFE8E678AB7}.Debug|x64.ActiveCfg = Debug|Win32
		{EFA65954-05A8-43C4-B4FE-FAFE8E678AB7}.Release|Win32.ActiveCfg = Release|Win32
		{EFA65954-05A8-43C4-B4FE-FAFE8E678AB7}.Release|Win32.Build.0 = Release|Win32
		{EFA65954-05A8-43C4-B4FE-FAFE8E678AB7}.Release|x64.ActiveCfg = Release|Win32
		{7906CC4F-E230-4049-A3EF-EA7F64E73DDE}.Debug|Win32.ActiveCfg = Debug|Win32
		{7906CC4F-E230-4049-A3EF-EA7F64E73DDE}.Debug|Win32.Build.0 = Debug|Win32
		{7906CC4F-E230-4049-A3EF-EA7F64E73DDE}.Debug|x64.ActiveCfg = Debug|Win32
		{7906CC4F-E230-4049-A3EF-EA7F64E73DDE}.Release|Win32.ActiveCfg = Release|Win32
		{7906CC4F-E230-4049-A3EF-EA7F64E73DDE}.Release|Win32.Build.0 = Release|Win32
		{7906CC4F-E230-4049-A3EF-EA7F64E73DDE}.Release|x64.ActiveCfg = Release|Win32
		{B604B554-38D6-4BC8-9F7F-D6BC8719A653}.Debug|Win32.ActiveCfg = Debug|Win32
		{B604B554-38D6-4BC8-9F7F-D6BC8719A653}.Debug|Win32.Build.0 = Debug|Win32
		{B604B554-38D6-4BC8-9F7F-D6BC8719A653}.Debug|x64.ActiveCfg = Debug|Win32
		{B604B554-38D6-4BC8-9F7F-D6BC8719A653}.Release|Win32.ActiveCfg = Release|Win32
		{B604B554-38D6-4BC8-9F7F-D6BC8719A653}.Release|Win32.Build.0 = Release|Win32
		{B604B554-38D6-4BC8-9F7F-D6BC8719A653}.Release|x64.ActiveCfg = Release|Win32
		{17867AF4-12CB-4847-A13E-BF37D8BDF597}.Debug|Win32.ActiveCfg = Debug|Win32
		{17867AF4-12CB-4847-A13E-BF37D8BDF597}.Debug|Win32.Build.0 = Debug|Win32
		{17867AF4-12CB-4847-A13E-BF37D8BDF597}.Debug|x64.ActiveCfg = Debug|x64
		{17867AF4-12CB-4847-A13E-BF37D8BDF597}.Debug|x64.Build.0 = Debug|x64
		{17867AF4-12CB-4847-A13E-BF37D8BDF597}.Release|Win32.ActiveCfg = Release|Win32
		{17867AF4-12CB-4847-A13E-BF37D8BDF597}.Release|Win32.Build.0 = Release|Win32
		{17867AF4-12CB-4847-A13E-BF37D8BDF597}.Release|x64.ActiveCfg = Release|x64
		{17867AF4-12CB-4847-A13E-BF37D8BDF597}.Release|x64.Build.0 = Release|x64
		{7815162A-BB04-4C87-919D-415B1C1ED2FF}.Debug|Win32.ActiveCfg = Debug|Win32
		{7815162A-BB04-4C87-919D-415B1C1ED2FF}.Debug|Win32.Build.0 = Debug|Win32
		{7815162A-BB04-4C87-919D-415B1C1ED2FF}.Debug|x64.ActiveCfg = Debug|Win32
		{7815162A-BB04-4C87-919D-415B1C1ED2FF}.Release|Win32.ActiveCfg = Release|Win32
		{7815162A-BB04-4C87-919D-415B1C1ED2FF}.Release|Win32.Build.0 = Release|Win32
		{7815162A-BB04-4C87-919D-415B1C1ED2FF}.Release|x64.ActiveCfg = Release|Win32
	EndGlobalSection
	GlobalSection(SolutionProperties) = preSolution
		HideSolutionNode = FALSE
	EndGlobalSection
	GlobalSection(ExtensibilityGlobals) = postSolution
		SolutionGuid = {DE8BD61E-8D19-4B59-BDB3-76BC15861B24}
	EndGlobalSection
EndGlobal
