<?xml version="1.0" encoding="utf-8"?>
<Project ToolsVersion="4.0" xmlns="http://schemas.microsoft.com/developer/msbuild/2003">
  <ItemGroup>
    <Filter Include="Source Files">
      <UniqueIdentifier>{60d4a9b4-0826-45c8-86b2-824b57d89b43}</UniqueIdentifier>
      <Extensions>cpp;c;cxx;rc;def;r;odl;hpj;bat;for;f90</Extensions>
    </Filter>
    <Filter Include="Header Files">
      <UniqueIdentifier>{aaa7b333-caa9-4508-9647-8b7ca5756758}</UniqueIdentifier>
      <Extensions>h;hpp;hxx;hm;inl;fi;fd</Extensions>
    </Filter>
    <Filter Include="Resource Files">
      <UniqueIdentifier>{7baf5884-f59a-40f1-9941-47ef537e60a6}</UniqueIdentifier>
    </Filter>
  </ItemGroup>
  <ItemGroup>
    <ClCompile Include="qcommon\cm_load.c">
      <Filter>Source Files</Filter>
    </ClCompile>
    <ClCompile Include="qcommon\cm_patch.c">
      <Filter>Source Files</Filter>
    </ClCompile>
    <ClCompile Include="qcommon\cm_polylib.c">
      <Filter>Source Files</Filter>
    </ClCompile>
    <ClCompile Include="qcommon\cm_test.c">
      <Filter>Source Files</Filter>
    </ClCompile>
    <ClCompile Include="qcommon\cm_trace.c">
      <Filter>Source Files</Filter>
    </ClCompile>
    <ClCompile Include="qcommon\cmd.c">
      <Filter>Source Files</Filter>
    </ClCompile>
    <ClCompile Include="qcommon\common.c">
      <Filter>Source Files</Filter>
    </ClCompile>
    <ClCompile Include="qcommon\cvar.c">
      <Filter>Source Files</Filter>
    </ClCompile>
    <ClCompile Include="qcommon\files.c">
      <Filter>Source Files</Filter>
    </ClCompile>
    <ClCompile Include="qcommon\huffman.c">
      <Filter>Source Files</Filter>
    </ClCompile>
    <ClCompile Include="qcommon\md4.c">
      <Filter>Source Files</Filter>
    </ClCompile>
    <ClCompile Include="qcommon\msg.c">
      <Filter>Source Files</Filter>
    </ClCompile>
    <ClCompile Include="qcommon\net_chan.c">
      <Filter>Source Files</Filter>
    </ClCompile>
    <ClCompile Include="qcommon\q_math.c">
      <Filter>Source Files</Filter>
    </ClCompile>
    <ClCompile Include="qcommon\q_shared.c">
      <Filter>Source Files</Filter>
    </ClCompile>
    <ClCompile Include="server\sv_bot.c">
      <Filter>Source Files</Filter>
    </ClCompile>
    <ClCompile Include="server\sv_ccmds.c">
      <Filter>Source Files</Filter>
    </ClCompile>
    <ClCompile Include="server\sv_client.c">
      <Filter>Source Files</Filter>
    </ClCompile>
    <ClCompile Include="server\sv_game.c">
      <Filter>Source Files</Filter>
    </ClCompile>
    <ClCompile Include="server\sv_init.c">
      <Filter>Source Files</Filter>
    </ClCompile>
    <ClCompile Include="server\sv_main.c">
      <Filter>Source Files</Filter>
    </ClCompile>
    <ClCompile Include="server\sv_net_chan.c">
      <Filter>Source Files</Filter>
    </ClCompile>
    <ClCompile Include="server\sv_snapshot.c">
      <Filter>Source Files</Filter>
    </ClCompile>
    <ClCompile Include="server\sv_world.c">
      <Filter>Source Files</Filter>
    </ClCompile>
    <ClCompile Include="qcommon\unzip.c">
      <Filter>Source Files</Filter>
    </ClCompile>
    <ClCompile Include="qcommon\vm.c">
      <Filter>Source Files</Filter>
    </ClCompile>
    <ClCompile Include="win32\win_eh.cpp">
      <Filter>Source Files</Filter>
    </ClCompile>
    <ClCompile Include="win32\win_main.c">
      <Filter>Source Files</Filter>
    </ClCompile>
    <ClCompile Include="win32\win_shared.c">
      <Filter>Source Files</Filter>
    </ClCompile>
    <ClCompile Include="win32\win_syscon.c">
      <Filter>Source Files</Filter>
    </ClCompile>
    <ClCompile Include="qcommon\net_ip.c">
      <Filter>Source Files</Filter>
    </ClCompile>
    <ClCompile Include="qcommon\history.c">
      <Filter>Source Files</Filter>
    </ClCompile>
    <ClCompile Include="qcommon\keys.c">
      <Filter>Source Files</Filter>
    </ClCompile>
    <ClCompile Include="qcommon\md5.c">
      <Filter>Source Files</Filter>
    </ClCompile>
    <ClCompile Include="qcommon\huffman_static.c">
      <Filter>Source Files</Filter>
    </ClCompile>
    <ClCompile Include="qcommon\gameinfo.c">
      <Filter>Source Files</Filter>
    </ClCompile>
    <ClCompile Include="qcommon\pbmd5.c">
      <Filter>Source Files</Filter>
    </ClCompile>
    <ClCompile Include="win32\win_dpi.c">
      <Filter>Source Files</Filter>
    </ClCompile>
  </ItemGroup>
  <ItemGroup>
    <ClInclude Include="game\bg_public.h">
      <Filter>Header Files</Filter>
    </ClInclude>
    <ClInclude Include="botai\botai.h">
      <Filter>Header Files</Filter>
    </ClInclude>
    <ClInclude Include="game\botlib.h">
      <Filter>Header Files</Filter>
    </ClInclude>
    <ClInclude Include="cgame\cg_public.h">
      <Filter>Header Files</Filter>
    </ClInclude>
    <ClInclude Include="client\client.h">
      <Filter>Header Files</Filter>
    </ClInclude>
    <ClInclude Include="qcommon\cm_local.h">
      <Filter>Header Files</Filter>
    </ClInclude>
    <ClInclude Include="qcommon\cm_patch.h">
      <Filter>Header Files</Filter>
    </ClInclude>
    <ClInclude Include="qcommon\cm_polylib.h">
      <Filter>Header Files</Filter>
    </ClInclude>
    <ClInclude Include="qcommon\cm_public.h">
      <Filter>Header Files</Filter>
    </ClInclude>
    <ClInclude Include="game\g_public.h">
      <Filter>Header Files</Filter>
    </ClInclude>
    <ClInclude Include="ui\keycodes.h">
      <Filter>Header Files</Filter>
    </ClInclude>
    <ClInclude Include="client\keys.h">
      <Filter>Header Files</Filter>
    </ClInclude>
    <ClInclude Include="qcommon\q_shared.h">
      <Filter>Header Files</Filter>
    </ClInclude>
    <ClInclude Include="qcommon\qcommon.h">
      <Filter>Header Files</Filter>
    </ClInclude>
    <ClInclude Include="qcommon\qfiles.h">
      <Filter>Header Files</Filter>
    </ClInclude>
    <ClInclude Include="server\server.h">
      <Filter>Header Files</Filter>
    </ClInclude>
    <ClInclude Include="client\snd_local.h">
      <Filter>Header Files</Filter>
    </ClInclude>
    <ClInclude Include="client\snd_public.h">
      <Filter>Header Files</Filter>
    </ClInclude>
    <ClInclude Include="game\surfaceflags.h">
      <Filter>Header Files</Filter>
    </ClInclude>
    <ClInclude Include="cgame\tr_types.h">
      <Filter>Header Files</Filter>
    </ClInclude>
    <ClInclude Include="ui\ui_public.h">
      <Filter>Header Files</Filter>
    </ClInclude>
    <ClInclude Include="qcommon\unzip.h">
      <Filter>Header Files</Filter>
    </ClInclude>
    <ClInclude Include="qcommon\vm_local.h">
      <Filter>Header Files</Filter>
    </ClInclude>
    <ClInclude Include="win32\win_local.h">
      <Filter>Header Files</Filter>
    </ClInclude>
    <ClInclude Include="qcommon\q_platform.h">
      <Filter>Header Files</Filter>
    </ClInclude>
    <ClInclude Include="..\main\ui\menudef.h">
      <Filter>Header Files</Filter>
    </ClInclude>
    <ClInclude Include="client\cl_curl.h">
      <Filter>Header Files</Filter>
    </ClInclude>
    <ClInclude Include="client\snd_codec.h">
      <Filter>Header Files</Filter>
    </ClInclude>
    <ClInclude Include="qcommon\dl_local.h">
      <Filter>Header Files</Filter>
    </ClInclude>
    <ClInclude Include="qcommon\dl_public.h">
      <Filter>Header Files</Filter>
    </ClInclude>
  </ItemGroup>
  <ItemGroup>
    <ResourceCompile Include="win32\winquake.rc">
      <Filter>Resource Files</Filter>
    </ResourceCompile>
  </ItemGroup>
</Project>